
Microsoft Visual Studio Solution File, Format Version 12.00
# Visual Studio Version 17
VisualStudioVersion = 17.5.33627.172
MinimumVisualStudioVersion = 10.0.40219.1
Project("{8BC9CEB8-8B4A-11D0-8D11-00A0C91BC942}") = "RadixSortV1", "RadixSortV1.vcxproj", "{0DC578F4-1861-4470-A055-0D79D2B6CEF0}"
EndProject
Global
	GlobalSection(SolutionConfigurationPlatforms) = preSolution
		Debug|x64 = Debug|x64
		Debug|x86 = Debug|x86
		Release|x64 = Release|x64
		Release|x86 = Release|x86
	EndGlobalSection
	GlobalSection(ProjectConfigurationPlatforms) = postSolution
		{0DC578F4-1861-4470-A055-0D79D2B6CEF0}.Debug|x64.ActiveCfg = Debug|x64
		{0DC578F4-1861-4470-A055-0D79D2B6CEF0}.Debug|x64.Build.0 = Debug|x64
		{0DC578F4-1861-4470-A055-0D79D2B6CEF0}.Debug|x86.ActiveCfg = Debug|Win32
		{0DC578F4-1861-4470-A055-0D79D2B6CEF0}.Debug|x86.Build.0 = Debug|Win32
		{0DC578F4-1861-4470-A055-0D79D2B6CEF0}.Release|x64.ActiveCfg = Release|x64
		{0DC578F4-1861-4470-A055-0D79D2B6CEF0}.Release|x64.Build.0 = Release|x64
		{0DC578F4-1861-4470-A055-0D79D2B6CEF0}.Release|x86.ActiveCfg = Release|Win32
		{0DC578F4-1861-4470-A055-0D79D2B6CEF0}.Release|x86.Build.0 = Release|Win32
	EndGlobalSection
	GlobalSection(SolutionProperties) = preSolution
		HideSolutionNode = FALSE
	EndGlobalSection
	GlobalSection(ExtensibilityGlobals) = postSolution
		SolutionGuid = {FB813222-3465-4374-98A3-7C3ED7D3FAA0}
	EndGlobalSection
EndGlobal
